
Microsoft Visual Studio Solution File, Format Version 12.00
# Visual Studio Version 17
VisualStudioVersion = 17.14.36930.0
MinimumVisualStudioVersion = 10.0.40219.1
Project("{FAE04EC0-301F-11D3-BF4B-00C04F79EFBC}") = "12_multiplicidad", "12_multiplicidad\12_multiplicidad.csproj", "{5941B323-3019-43D8-BDB0-74407110ADA5}"
EndProject
Global
	GlobalSection(SolutionConfigurationPlatforms) = preSolution
		Debug|Any CPU = Debug|Any CPU
		Release|Any CPU = Release|Any CPU
	EndGlobalSection
	GlobalSection(ProjectConfigurationPlatforms) = postSolution
		{5941B323-3019-43D8-BDB0-74407110ADA5}.Debug|Any CPU.ActiveCfg = Debug|Any CPU
		{5941B323-3019-43D8-BDB0-74407110ADA5}.Debug|Any CPU.Build.0 = Debug|Any CPU
		{5941B323-3019-43D8-BDB0-74407110ADA5}.Release|Any CPU.ActiveCfg = Release|Any CPU
		{5941B323-3019-43D8-BDB0-74407110ADA5}.Release|Any CPU.Build.0 = Release|Any CPU
	EndGlobalSection
	GlobalSection(SolutionProperties) = preSolution
		HideSolutionNode = FALSE
	EndGlobalSection
	GlobalSection(ExtensibilityGlobals) = postSolution
		SolutionGuid = {0782E3FB-645F-4AAE-82F1-6B6D33664C75}
	EndGlobalSection
EndGlobal
