
Microsoft Visual Studio Solution File, Format Version 12.00
# Visual Studio Version 17
VisualStudioVersion = 17.14.36705.20 d17.14
MinimumVisualStudioVersion = 10.0.40219.1
Project("{FAE04EC0-301F-11D3-BF4B-00C04F79EFBC}") = "03_Captura1", "03_Captura1\03_Captura1.csproj", "{70E9BA20-3B98-4B16-84C0-FE126BA82AFF}"
EndProject
Global
	GlobalSection(SolutionConfigurationPlatforms) = preSolution
		Debug|Any CPU = Debug|Any CPU
		Release|Any CPU = Release|Any CPU
	EndGlobalSection
	GlobalSection(ProjectConfigurationPlatforms) = postSolution
		{70E9BA20-3B98-4B16-84C0-FE126BA82AFF}.Debug|Any CPU.ActiveCfg = Debug|Any CPU
		{70E9BA20-3B98-4B16-84C0-FE126BA82AFF}.Debug|Any CPU.Build.0 = Debug|Any CPU
		{70E9BA20-3B98-4B16-84C0-FE126BA82AFF}.Release|Any CPU.ActiveCfg = Release|Any CPU
		{70E9BA20-3B98-4B16-84C0-FE126BA82AFF}.Release|Any CPU.Build.0 = Release|Any CPU
	EndGlobalSection
	GlobalSection(SolutionProperties) = preSolution
		HideSolutionNode = FALSE
	EndGlobalSection
	GlobalSection(ExtensibilityGlobals) = postSolution
		SolutionGuid = {8F06E8CC-AD39-42AB-B85D-8560FAC03669}
	EndGlobalSection
EndGlobal
