
Microsoft Visual Studio Solution File, Format Version 12.00
# Visual Studio Version 17
VisualStudioVersion = 17.14.37027.9 d17.14
MinimumVisualStudioVersion = 10.0.40219.1
Project("{FAE04EC0-301F-11D3-BF4B-00C04F79EFBC}") = "18_abstraccion2", "18_abstraccion2\18_abstraccion2.csproj", "{EF88DB5E-4436-47D8-B58E-404DE683059E}"
EndProject
Global
	GlobalSection(SolutionConfigurationPlatforms) = preSolution
		Debug|Any CPU = Debug|Any CPU
		Release|Any CPU = Release|Any CPU
	EndGlobalSection
	GlobalSection(ProjectConfigurationPlatforms) = postSolution
		{EF88DB5E-4436-47D8-B58E-404DE683059E}.Debug|Any CPU.ActiveCfg = Debug|Any CPU
		{EF88DB5E-4436-47D8-B58E-404DE683059E}.Debug|Any CPU.Build.0 = Debug|Any CPU
		{EF88DB5E-4436-47D8-B58E-404DE683059E}.Release|Any CPU.ActiveCfg = Release|Any CPU
		{EF88DB5E-4436-47D8-B58E-404DE683059E}.Release|Any CPU.Build.0 = Release|Any CPU
	EndGlobalSection
	GlobalSection(SolutionProperties) = preSolution
		HideSolutionNode = FALSE
	EndGlobalSection
	GlobalSection(ExtensibilityGlobals) = postSolution
		SolutionGuid = {E242A7E1-7F16-4A61-A762-7D73E69D90DF}
	EndGlobalSection
EndGlobal
