
Microsoft Visual Studio Solution File, Format Version 12.00
# Visual Studio Version 17
VisualStudioVersion = 17.14.36705.20 d17.14
MinimumVisualStudioVersion = 10.0.40219.1
Project("{FAE04EC0-301F-11D3-BF4B-00C04F79EFBC}") = "03_Fechas", "03_Fechas\03_Fechas.csproj", "{F06F52AD-4A59-4854-A973-FCDFD922B845}"
EndProject
Global
	GlobalSection(SolutionConfigurationPlatforms) = preSolution
		Debug|Any CPU = Debug|Any CPU
		Release|Any CPU = Release|Any CPU
	EndGlobalSection
	GlobalSection(ProjectConfigurationPlatforms) = postSolution
		{F06F52AD-4A59-4854-A973-FCDFD922B845}.Debug|Any CPU.ActiveCfg = Debug|Any CPU
		{F06F52AD-4A59-4854-A973-FCDFD922B845}.Debug|Any CPU.Build.0 = Debug|Any CPU
		{F06F52AD-4A59-4854-A973-FCDFD922B845}.Release|Any CPU.ActiveCfg = Release|Any CPU
		{F06F52AD-4A59-4854-A973-FCDFD922B845}.Release|Any CPU.Build.0 = Release|Any CPU
	EndGlobalSection
	GlobalSection(SolutionProperties) = preSolution
		HideSolutionNode = FALSE
	EndGlobalSection
	GlobalSection(ExtensibilityGlobals) = postSolution
		SolutionGuid = {BC569CDD-EFDE-42E0-AF6A-AEAB0EEFD71A}
	EndGlobalSection
EndGlobal
