
Microsoft Visual Studio Solution File, Format Version 12.00
# Visual Studio Version 17
VisualStudioVersion = 17.14.36930.0 d17.14
MinimumVisualStudioVersion = 10.0.40219.1
Project("{FAE04EC0-301F-11D3-BF4B-00C04F79EFBC}") = "17_abstraccion1", "17_abstraccion1\17_abstraccion1.csproj", "{6CAF2484-CC1D-47D5-BDC6-FA0F081466FC}"
EndProject
Global
	GlobalSection(SolutionConfigurationPlatforms) = preSolution
		Debug|Any CPU = Debug|Any CPU
		Release|Any CPU = Release|Any CPU
	EndGlobalSection
	GlobalSection(ProjectConfigurationPlatforms) = postSolution
		{6CAF2484-CC1D-47D5-BDC6-FA0F081466FC}.Debug|Any CPU.ActiveCfg = Debug|Any CPU
		{6CAF2484-CC1D-47D5-BDC6-FA0F081466FC}.Debug|Any CPU.Build.0 = Debug|Any CPU
		{6CAF2484-CC1D-47D5-BDC6-FA0F081466FC}.Release|Any CPU.ActiveCfg = Release|Any CPU
		{6CAF2484-CC1D-47D5-BDC6-FA0F081466FC}.Release|Any CPU.Build.0 = Release|Any CPU
	EndGlobalSection
	GlobalSection(SolutionProperties) = preSolution
		HideSolutionNode = FALSE
	EndGlobalSection
	GlobalSection(ExtensibilityGlobals) = postSolution
		SolutionGuid = {84572344-9243-4445-950F-F3990E386900}
	EndGlobalSection
EndGlobal
