
Microsoft Visual Studio Solution File, Format Version 12.00
# Visual Studio Version 17
VisualStudioVersion = 17.14.36705.20 d17.14
MinimumVisualStudioVersion = 10.0.40219.1
Project("{FAE04EC0-301F-11D3-BF4B-00C04F79EFBC}") = "02_Metodos", "02_Metodos\02_Metodos.csproj", "{F235EEBC-C25E-492D-89CE-AFFD7EB9E1A1}"
EndProject
Global
	GlobalSection(SolutionConfigurationPlatforms) = preSolution
		Debug|Any CPU = Debug|Any CPU
		Release|Any CPU = Release|Any CPU
	EndGlobalSection
	GlobalSection(ProjectConfigurationPlatforms) = postSolution
		{F235EEBC-C25E-492D-89CE-AFFD7EB9E1A1}.Debug|Any CPU.ActiveCfg = Debug|Any CPU
		{F235EEBC-C25E-492D-89CE-AFFD7EB9E1A1}.Debug|Any CPU.Build.0 = Debug|Any CPU
		{F235EEBC-C25E-492D-89CE-AFFD7EB9E1A1}.Release|Any CPU.ActiveCfg = Release|Any CPU
		{F235EEBC-C25E-492D-89CE-AFFD7EB9E1A1}.Release|Any CPU.Build.0 = Release|Any CPU
	EndGlobalSection
	GlobalSection(SolutionProperties) = preSolution
		HideSolutionNode = FALSE
	EndGlobalSection
	GlobalSection(ExtensibilityGlobals) = postSolution
		SolutionGuid = {72CEBE4A-8D5E-425E-888C-AEE5D524394D}
	EndGlobalSection
EndGlobal
